
Microsoft Visual Studio Solution File, Format Version 12.00
# Visual Studio Version 16
VisualStudioVersion = 16.0.30907.101
MinimumVisualStudioVersion = 10.0.40219.1
Project("{9A19103F-16F7-4668-BE54-9A1E7A4F7556}") = "HW", "HW\HW.csproj", "{142ADF8F-DA91-48A1-A2CE-CEF54602CBB8}"
EndProject
Project("{FAE04EC0-301F-11D3-BF4B-00C04F79EFBC}") = "HW.Tests", "HW.Tests\HW.Tests.csproj", "{CEEE8B9D-8D4B-4625-823C-FC003069509C}"
EndProject
Global
	GlobalSection(SolutionConfigurationPlatforms) = preSolution
		Debug|Any CPU = Debug|Any CPU
		Release|Any CPU = Release|Any CPU
	EndGlobalSection
	GlobalSection(ProjectConfigurationPlatforms) = postSolution
		{142ADF8F-DA91-48A1-A2CE-CEF54602CBB8}.Debug|Any CPU.ActiveCfg = Debug|Any CPU
		{142ADF8F-DA91-48A1-A2CE-CEF54602CBB8}.Debug|Any CPU.Build.0 = Debug|Any CPU
		{142ADF8F-DA91-48A1-A2CE-CEF54602CBB8}.Release|Any CPU.ActiveCfg = Release|Any CPU
		{142ADF8F-DA91-48A1-A2CE-CEF54602CBB8}.Release|Any CPU.Build.0 = Release|Any CPU
		{CEEE8B9D-8D4B-4625-823C-FC003069509C}.Debug|Any CPU.ActiveCfg = Debug|Any CPU
		{CEEE8B9D-8D4B-4625-823C-FC003069509C}.Debug|Any CPU.Build.0 = Debug|Any CPU
		{CEEE8B9D-8D4B-4625-823C-FC003069509C}.Release|Any CPU.ActiveCfg = Release|Any CPU
		{CEEE8B9D-8D4B-4625-823C-FC003069509C}.Release|Any CPU.Build.0 = Release|Any CPU
	EndGlobalSection
	GlobalSection(SolutionProperties) = preSolution
		HideSolutionNode = FALSE
	EndGlobalSection
	GlobalSection(ExtensibilityGlobals) = postSolution
		SolutionGuid = {6FD0AECD-9558-4574-97C6-49A9643C055C}
	EndGlobalSection
EndGlobal
